// !$*UTF8*$!
{
	archiveVersion = 1;
	classes = {
	};
	objectVersion = 46;
	objects = {

/* Begin PBXBuildFile section */
		6AD8FC8B7CF4B91110FFDF1F /* Pods_MarketAPP.framework in Frameworks */ = {isa = PBXBuildFile; fileRef = 9930EB4D1952E7F09C5C9DA0 /* Pods_MarketAPP.framework */; };
		6E830C44195F8DBC08FB26F0 /* Pods_MarketAPPTests.framework in Frameworks */ = {isa = PBXBuildFile; fileRef = 126E5F07E8014BDBDBA9979A /* Pods_MarketAPPTests.framework */; };
		6E85FAF91F8A6ED200B03AE1 /* MarketAPPTests.swift in Sources */ = {isa = PBXBuildFile; fileRef = 6E85FAF81F8A6ED200B03AE1 /* MarketAPPTests.swift */; };
		6E85FB041F8A6ED200B03AE1 /* MarketAPPUITests.swift in Sources */ = {isa = PBXBuildFile; fileRef = 6E85FB031F8A6ED200B03AE1 /* MarketAPPUITests.swift */; };
		6E85FB191F8A72D500B03AE1 /* Assets.xcassets in Resources */ = {isa = PBXBuildFile; fileRef = 6E85FB181F8A72D500B03AE1 /* Assets.xcassets */; };
		6E85FB1F1F8A72ED00B03AE1 /* AppDelegate.swift in Sources */ = {isa = PBXBuildFile; fileRef = 6E85FB1B1F8A72ED00B03AE1 /* AppDelegate.swift */; };
		6E85FB201F8A72ED00B03AE1 /* Info.plist in Resources */ = {isa = PBXBuildFile; fileRef = 6E85FB1C1F8A72ED00B03AE1 /* Info.plist */; };
		6E85FB211F8A72ED00B03AE1 /* MarketAPP.xcdatamodeld in Sources */ = {isa = PBXBuildFile; fileRef = 6E85FB1D1F8A72ED00B03AE1 /* MarketAPP.xcdatamodeld */; };
		6E85FB261F8A730900B03AE1 /* LaunchScreen.storyboard in Resources */ = {isa = PBXBuildFile; fileRef = 6E85FB221F8A730900B03AE1 /* LaunchScreen.storyboard */; };
		6E85FB271F8A730900B03AE1 /* Main.storyboard in Resources */ = {isa = PBXBuildFile; fileRef = 6E85FB241F8A730900B03AE1 /* Main.storyboard */; };
		6E85FB4F1F8A76D100B03AE1 /* Roboto-Black.ttf in Resources */ = {isa = PBXBuildFile; fileRef = 6E85FB441F8A76D100B03AE1 /* Roboto-Black.ttf */; };
		6E85FB501F8A76D100B03AE1 /* Roboto-BlackItalic.ttf in Resources */ = {isa = PBXBuildFile; fileRef = 6E85FB451F8A76D100B03AE1 /* Roboto-BlackItalic.ttf */; };
		6E85FB511F8A76D100B03AE1 /* Roboto-Bold.ttf in Resources */ = {isa = PBXBuildFile; fileRef = 6E85FB461F8A76D100B03AE1 /* Roboto-Bold.ttf */; };
		6E85FB521F8A76D100B03AE1 /* Roboto-BoldItalic.ttf in Resources */ = {isa = PBXBuildFile; fileRef = 6E85FB471F8A76D100B03AE1 /* Roboto-BoldItalic.ttf */; };
		6E85FB531F8A76D100B03AE1 /* Roboto-Italic.ttf in Resources */ = {isa = PBXBuildFile; fileRef = 6E85FB481F8A76D100B03AE1 /* Roboto-Italic.ttf */; };
		6E85FB541F8A76D100B03AE1 /* Roboto-Light.ttf in Resources */ = {isa = PBXBuildFile; fileRef = 6E85FB491F8A76D100B03AE1 /* Roboto-Light.ttf */; };
		6E85FB551F8A76D100B03AE1 /* Roboto-LightItalic.ttf in Resources */ = {isa = PBXBuildFile; fileRef = 6E85FB4A1F8A76D100B03AE1 /* Roboto-LightItalic.ttf */; };
		6E85FB561F8A76D100B03AE1 /* Roboto-Medium.ttf in Resources */ = {isa = PBXBuildFile; fileRef = 6E85FB4B1F8A76D100B03AE1 /* Roboto-Medium.ttf */; };
		6E85FB571F8A76D100B03AE1 /* Roboto-MediumItalic.ttf in Resources */ = {isa = PBXBuildFile; fileRef = 6E85FB4C1F8A76D100B03AE1 /* Roboto-MediumItalic.ttf */; };
		6E85FB581F8A76D100B03AE1 /* Roboto-Regular.ttf in Resources */ = {isa = PBXBuildFile; fileRef = 6E85FB4D1F8A76D100B03AE1 /* Roboto-Regular.ttf */; };
		6E85FB591F8A76D100B03AE1 /* Roboto-Thin.ttf in Resources */ = {isa = PBXBuildFile; fileRef = 6E85FB4E1F8A76D100B03AE1 /* Roboto-Thin.ttf */; };
		6E85FB5B1F8A912C00B03AE1 /* FeatureListPageController.swift in Sources */ = {isa = PBXBuildFile; fileRef = 6E85FB5A1F8A912C00B03AE1 /* FeatureListPageController.swift */; };
		6E85FB611F8AA19400B03AE1 /* LandingController.swift in Sources */ = {isa = PBXBuildFile; fileRef = 6E85FB601F8AA19400B03AE1 /* LandingController.swift */; };
		6E85FB631F8AB43000B03AE1 /* Variables.swift in Sources */ = {isa = PBXBuildFile; fileRef = 6E85FB621F8AB43000B03AE1 /* Variables.swift */; };
		6E85FB661F8ACA7000B03AE1 /* FirstFeatureController.swift in Sources */ = {isa = PBXBuildFile; fileRef = 6E85FB651F8ACA7000B03AE1 /* FirstFeatureController.swift */; };
		6E85FB681F8ACAEE00B03AE1 /* SecondFeatureController.swift in Sources */ = {isa = PBXBuildFile; fileRef = 6E85FB671F8ACAEE00B03AE1 /* SecondFeatureController.swift */; };
		6E85FB6A1F8ACAFB00B03AE1 /* ThirdFeatureController.swift in Sources */ = {isa = PBXBuildFile; fileRef = 6E85FB691F8ACAFB00B03AE1 /* ThirdFeatureController.swift */; };
		6E85FB6E1F8ADD8200B03AE1 /* GraphFeatureDisplayView.swift in Sources */ = {isa = PBXBuildFile; fileRef = 6E85FB6D1F8ADD8200B03AE1 /* GraphFeatureDisplayView.swift */; };
		6EBC3FE41F92A429006F3DF1 /* StockAnalyticsController.swift in Sources */ = {isa = PBXBuildFile; fileRef = 6EBC3FE31F92A429006F3DF1 /* StockAnalyticsController.swift */; };
		6ECD01C01F929A5400D63577 /* MyStocksCell.swift in Sources */ = {isa = PBXBuildFile; fileRef = 6ECD01BF1F929A5400D63577 /* MyStocksCell.swift */; };
		6ECD01C21F929BB200D63577 /* Stock.swift in Sources */ = {isa = PBXBuildFile; fileRef = 6ECD01C11F929BB200D63577 /* Stock.swift */; };
		6EFD9EF21F940CCD0032FDBD /* StockAnalyticsGraphView.swift in Sources */ = {isa = PBXBuildFile; fileRef = 6EFD9EF11F940CCD0032FDBD /* StockAnalyticsGraphView.swift */; };
		6EFE20AC1F8B06BE002FCC6D /* GoogleService-Info.plist in Resources */ = {isa = PBXBuildFile; fileRef = 6EFE20AB1F8B06BE002FCC6D /* GoogleService-Info.plist */; };
		6EFE20AE1F8B1102002FCC6D /* LoginController.swift in Sources */ = {isa = PBXBuildFile; fileRef = 6EFE20AD1F8B1102002FCC6D /* LoginController.swift */; };
		6EFE20B01F8B11BB002FCC6D /* LoginService.swift in Sources */ = {isa = PBXBuildFile; fileRef = 6EFE20AF1F8B11BB002FCC6D /* LoginService.swift */; };
		6EFE20B21F8B1425002FCC6D /* Home.storyboard in Resources */ = {isa = PBXBuildFile; fileRef = 6EFE20B11F8B1425002FCC6D /* Home.storyboard */; };
		6EFE20B41F8B1BE5002FCC6D /* SignUpController.swift in Sources */ = {isa = PBXBuildFile; fileRef = 6EFE20B31F8B1BE5002FCC6D /* SignUpController.swift */; };
		6EFE20B61F8B1CC3002FCC6D /* SignupService.swift in Sources */ = {isa = PBXBuildFile; fileRef = 6EFE20B51F8B1CC3002FCC6D /* SignupService.swift */; };
		6EFE20B81F8B1D37002FCC6D /* FunctionService.swift in Sources */ = {isa = PBXBuildFile; fileRef = 6EFE20B71F8B1D37002FCC6D /* FunctionService.swift */; };
		6EFE20BB1F8C388C002FCC6D /* MyStocksController.swift in Sources */ = {isa = PBXBuildFile; fileRef = 6EFE20BA1F8C388C002FCC6D /* MyStocksController.swift */; };
		F4FB0D6DB375B4170A7482ED /* Pods_MarketAPPUITests.framework in Frameworks */ = {isa = PBXBuildFile; fileRef = 9893E524E5965F4CCB42CDE6 /* Pods_MarketAPPUITests.framework */; };
/* End PBXBuildFile section */

/* Begin PBXContainerItemProxy section */
		6E85FAF51F8A6ED200B03AE1 /* PBXContainerItemProxy */ = {
			isa = PBXContainerItemProxy;
			containerPortal = 6E85FAD51F8A6ED100B03AE1 /* Project object */;
			proxyType = 1;
			remoteGlobalIDString = 6E85FADC1F8A6ED100B03AE1;
			remoteInfo = MarketAPP;
		};
		6E85FB001F8A6ED200B03AE1 /* PBXContainerItemProxy */ = {
			isa = PBXContainerItemProxy;
			containerPortal = 6E85FAD51F8A6ED100B03AE1 /* Project object */;
			proxyType = 1;
			remoteGlobalIDString = 6E85FADC1F8A6ED100B03AE1;
			remoteInfo = MarketAPP;
		};
/* End PBXContainerItemProxy section */

/* Begin PBXFileReference section */
		126E5F07E8014BDBDBA9979A /* Pods_MarketAPPTests.framework */ = {isa = PBXFileReference; explicitFileType = wrapper.framework; includeInIndex = 0; path = Pods_MarketAPPTests.framework; sourceTree = BUILT_PRODUCTS_DIR; };
		6E85FADD1F8A6ED100B03AE1 /* MarketAPP.app */ = {isa = PBXFileReference; explicitFileType = wrapper.application; includeInIndex = 0; path = MarketAPP.app; sourceTree = BUILT_PRODUCTS_DIR; };
		6E85FAF41F8A6ED200B03AE1 /* MarketAPPTests.xctest */ = {isa = PBXFileReference; explicitFileType = wrapper.cfbundle; includeInIndex = 0; path = MarketAPPTests.xctest; sourceTree = BUILT_PRODUCTS_DIR; };
		6E85FAF81F8A6ED200B03AE1 /* MarketAPPTests.swift */ = {isa = PBXFileReference; lastKnownFileType = sourcecode.swift; path = MarketAPPTests.swift; sourceTree = "<group>"; };
		6E85FAFA1F8A6ED200B03AE1 /* Info.plist */ = {isa = PBXFileReference; lastKnownFileType = text.plist.xml; path = Info.plist; sourceTree = "<group>"; };
		6E85FAFF1F8A6ED200B03AE1 /* MarketAPPUITests.xctest */ = {isa = PBXFileReference; explicitFileType = wrapper.cfbundle; includeInIndex = 0; path = MarketAPPUITests.xctest; sourceTree = BUILT_PRODUCTS_DIR; };
		6E85FB031F8A6ED200B03AE1 /* MarketAPPUITests.swift */ = {isa = PBXFileReference; lastKnownFileType = sourcecode.swift; path = MarketAPPUITests.swift; sourceTree = "<group>"; };
		6E85FB051F8A6ED200B03AE1 /* Info.plist */ = {isa = PBXFileReference; lastKnownFileType = text.plist.xml; path = Info.plist; sourceTree = "<group>"; };
		6E85FB181F8A72D500B03AE1 /* Assets.xcassets */ = {isa = PBXFileReference; lastKnownFileType = folder.assetcatalog; name = Assets.xcassets; path = Rescources/Assets.xcassets; sourceTree = "<group>"; };
		6E85FB1B1F8A72ED00B03AE1 /* AppDelegate.swift */ = {isa = PBXFileReference; fileEncoding = 4; lastKnownFileType = sourcecode.swift; name = AppDelegate.swift; path = Supporting/AppDelegate.swift; sourceTree = "<group>"; };
		6E85FB1C1F8A72ED00B03AE1 /* Info.plist */ = {isa = PBXFileReference; fileEncoding = 4; lastKnownFileType = text.plist.xml; name = Info.plist; path = Supporting/Info.plist; sourceTree = "<group>"; };
		6E85FB1E1F8A72ED00B03AE1 /* MarketAPP.xcdatamodel */ = {isa = PBXFileReference; lastKnownFileType = wrapper.xcdatamodel; path = MarketAPP.xcdatamodel; sourceTree = "<group>"; };
		6E85FB231F8A730900B03AE1 /* Base */ = {isa = PBXFileReference; lastKnownFileType = file.storyboard; name = Base; path = Storyboards/Base.lproj/LaunchScreen.storyboard; sourceTree = "<group>"; };
		6E85FB251F8A730900B03AE1 /* Base */ = {isa = PBXFileReference; lastKnownFileType = file.storyboard; name = Base; path = Storyboards/Base.lproj/Main.storyboard; sourceTree = "<group>"; };
		6E85FB441F8A76D100B03AE1 /* Roboto-Black.ttf */ = {isa = PBXFileReference; lastKnownFileType = file; name = "Roboto-Black.ttf"; path = "Rescources/Fonts/Roboto-Black.ttf"; sourceTree = "<group>"; };
		6E85FB451F8A76D100B03AE1 /* Roboto-BlackItalic.ttf */ = {isa = PBXFileReference; lastKnownFileType = file; name = "Roboto-BlackItalic.ttf"; path = "Rescources/Fonts/Roboto-BlackItalic.ttf"; sourceTree = "<group>"; };
		6E85FB461F8A76D100B03AE1 /* Roboto-Bold.ttf */ = {isa = PBXFileReference; lastKnownFileType = file; name = "Roboto-Bold.ttf"; path = "Rescources/Fonts/Roboto-Bold.ttf"; sourceTree = "<group>"; };
		6E85FB471F8A76D100B03AE1 /* Roboto-BoldItalic.ttf */ = {isa = PBXFileReference; lastKnownFileType = file; name = "Roboto-BoldItalic.ttf"; path = "Rescources/Fonts/Roboto-BoldItalic.ttf"; sourceTree = "<group>"; };
		6E85FB481F8A76D100B03AE1 /* Roboto-Italic.ttf */ = {isa = PBXFileReference; lastKnownFileType = file; name = "Roboto-Italic.ttf"; path = "Rescources/Fonts/Roboto-Italic.ttf"; sourceTree = "<group>"; };
		6E85FB491F8A76D100B03AE1 /* Roboto-Light.ttf */ = {isa = PBXFileReference; lastKnownFileType = file; name = "Roboto-Light.ttf"; path = "Rescources/Fonts/Roboto-Light.ttf"; sourceTree = "<group>"; };
		6E85FB4A1F8A76D100B03AE1 /* Roboto-LightItalic.ttf */ = {isa = PBXFileReference; lastKnownFileType = file; name = "Roboto-LightItalic.ttf"; path = "Rescources/Fonts/Roboto-LightItalic.ttf"; sourceTree = "<group>"; };
		6E85FB4B1F8A76D100B03AE1 /* Roboto-Medium.ttf */ = {isa = PBXFileReference; lastKnownFileType = file; name = "Roboto-Medium.ttf"; path = "Rescources/Fonts/Roboto-Medium.ttf"; sourceTree = "<group>"; };
		6E85FB4C1F8A76D100B03AE1 /* Roboto-MediumItalic.ttf */ = {isa = PBXFileReference; lastKnownFileType = file; name = "Roboto-MediumItalic.ttf"; path = "Rescources/Fonts/Roboto-MediumItalic.ttf"; sourceTree = "<group>"; };
		6E85FB4D1F8A76D100B03AE1 /* Roboto-Regular.ttf */ = {isa = PBXFileReference; lastKnownFileType = file; name = "Roboto-Regular.ttf"; path = "Rescources/Fonts/Roboto-Regular.ttf"; sourceTree = "<group>"; };
		6E85FB4E1F8A76D100B03AE1 /* Roboto-Thin.ttf */ = {isa = PBXFileReference; lastKnownFileType = file; name = "Roboto-Thin.ttf"; path = "Rescources/Fonts/Roboto-Thin.ttf"; sourceTree = "<group>"; };
		6E85FB5A1F8A912C00B03AE1 /* FeatureListPageController.swift */ = {isa = PBXFileReference; fileEncoding = 4; lastKnownFileType = sourcecode.swift; name = FeatureListPageController.swift; path = Controllers/FeatureListPageController.swift; sourceTree = "<group>"; };
		6E85FB5F1F8A95A300B03AE1 /* MarketAPP-Bridging-Header.h */ = {isa = PBXFileReference; fileEncoding = 4; lastKnownFileType = sourcecode.c.h; path = "MarketAPP-Bridging-Header.h"; sourceTree = SOURCE_ROOT; };
		6E85FB601F8AA19400B03AE1 /* LandingController.swift */ = {isa = PBXFileReference; fileEncoding = 4; lastKnownFileType = sourcecode.swift; name = LandingController.swift; path = Controllers/LandingController.swift; sourceTree = "<group>"; };
		6E85FB621F8AB43000B03AE1 /* Variables.swift */ = {isa = PBXFileReference; fileEncoding = 4; lastKnownFileType = sourcecode.swift; name = Variables.swift; path = Supporting/Variables.swift; sourceTree = "<group>"; };
		6E85FB651F8ACA7000B03AE1 /* FirstFeatureController.swift */ = {isa = PBXFileReference; fileEncoding = 4; lastKnownFileType = sourcecode.swift; name = FirstFeatureController.swift; path = Controllers/FirstFeatureController.swift; sourceTree = "<group>"; };
		6E85FB671F8ACAEE00B03AE1 /* SecondFeatureController.swift */ = {isa = PBXFileReference; fileEncoding = 4; lastKnownFileType = sourcecode.swift; name = SecondFeatureController.swift; path = Controllers/SecondFeatureController.swift; sourceTree = "<group>"; };
		6E85FB691F8ACAFB00B03AE1 /* ThirdFeatureController.swift */ = {isa = PBXFileReference; fileEncoding = 4; lastKnownFileType = sourcecode.swift; name = ThirdFeatureController.swift; path = Controllers/ThirdFeatureController.swift; sourceTree = "<group>"; };
		6E85FB6D1F8ADD8200B03AE1 /* GraphFeatureDisplayView.swift */ = {isa = PBXFileReference; fileEncoding = 4; lastKnownFileType = sourcecode.swift; name = GraphFeatureDisplayView.swift; path = Views/GraphFeatureDisplayView.swift; sourceTree = "<group>"; };
		6EBC3FE31F92A429006F3DF1 /* StockAnalyticsController.swift */ = {isa = PBXFileReference; lastKnownFileType = sourcecode.swift; name = StockAnalyticsController.swift; path = Controllers/StockAnalyticsController.swift; sourceTree = "<group>"; };
		6ECD01BF1F929A5400D63577 /* MyStocksCell.swift */ = {isa = PBXFileReference; lastKnownFileType = sourcecode.swift; name = MyStocksCell.swift; path = Views/MyStocksCell.swift; sourceTree = "<group>"; };
		6ECD01C11F929BB200D63577 /* Stock.swift */ = {isa = PBXFileReference; lastKnownFileType = sourcecode.swift; name = Stock.swift; path = Models/Stock.swift; sourceTree = "<group>"; };
		6EFD9EF11F940CCD0032FDBD /* StockAnalyticsGraphView.swift */ = {isa = PBXFileReference; lastKnownFileType = sourcecode.swift; name = StockAnalyticsGraphView.swift; path = Views/StockAnalyticsGraphView.swift; sourceTree = "<group>"; };
		6EFE20AB1F8B06BE002FCC6D /* GoogleService-Info.plist */ = {isa = PBXFileReference; fileEncoding = 4; lastKnownFileType = text.plist.xml; name = "GoogleService-Info.plist"; path = "Supporting/GoogleService-Info.plist"; sourceTree = "<group>"; };
		6EFE20AD1F8B1102002FCC6D /* LoginController.swift */ = {isa = PBXFileReference; fileEncoding = 4; lastKnownFileType = sourcecode.swift; name = LoginController.swift; path = Controllers/LoginController.swift; sourceTree = "<group>"; };
		6EFE20AF1F8B11BB002FCC6D /* LoginService.swift */ = {isa = PBXFileReference; fileEncoding = 4; lastKnownFileType = sourcecode.swift; name = LoginService.swift; path = Services/LoginService.swift; sourceTree = "<group>"; };
		6EFE20B11F8B1425002FCC6D /* Home.storyboard */ = {isa = PBXFileReference; fileEncoding = 4; lastKnownFileType = file.storyboard; name = Home.storyboard; path = Storyboards/Home.storyboard; sourceTree = "<group>"; };
		6EFE20B31F8B1BE5002FCC6D /* SignUpController.swift */ = {isa = PBXFileReference; fileEncoding = 4; lastKnownFileType = sourcecode.swift; name = SignUpController.swift; path = Controllers/SignUpController.swift; sourceTree = "<group>"; };
		6EFE20B51F8B1CC3002FCC6D /* SignupService.swift */ = {isa = PBXFileReference; fileEncoding = 4; lastKnownFileType = sourcecode.swift; name = SignupService.swift; path = Services/SignupService.swift; sourceTree = "<group>"; };
		6EFE20B71F8B1D37002FCC6D /* FunctionService.swift */ = {isa = PBXFileReference; fileEncoding = 4; lastKnownFileType = sourcecode.swift; name = FunctionService.swift; path = Services/FunctionService.swift; sourceTree = "<group>"; };
		6EFE20BA1F8C388C002FCC6D /* MyStocksController.swift */ = {isa = PBXFileReference; fileEncoding = 4; lastKnownFileType = sourcecode.swift; name = MyStocksController.swift; path = Controllers/MyStocksController.swift; sourceTree = "<group>"; };
		75782518CFB62016AF5EEEE1 /* Pods-MarketAPP.release.xcconfig */ = {isa = PBXFileReference; includeInIndex = 1; lastKnownFileType = text.xcconfig; name = "Pods-MarketAPP.release.xcconfig"; path = "Pods/Target Support Files/Pods-MarketAPP/Pods-MarketAPP.release.xcconfig"; sourceTree = "<group>"; };
		766B493A601C92E1EC19FE50 /* Pods-MarketAPPTests.debug.xcconfig */ = {isa = PBXFileReference; includeInIndex = 1; lastKnownFileType = text.xcconfig; name = "Pods-MarketAPPTests.debug.xcconfig"; path = "Pods/Target Support Files/Pods-MarketAPPTests/Pods-MarketAPPTests.debug.xcconfig"; sourceTree = "<group>"; };
		7F9614EB640BF669A945B3C2 /* Pods-MarketAPPUITests.release.xcconfig */ = {isa = PBXFileReference; includeInIndex = 1; lastKnownFileType = text.xcconfig; name = "Pods-MarketAPPUITests.release.xcconfig"; path = "Pods/Target Support Files/Pods-MarketAPPUITests/Pods-MarketAPPUITests.release.xcconfig"; sourceTree = "<group>"; };
		98750226B7ACFB3B78B12A62 /* Pods-MarketAPP.debug.xcconfig */ = {isa = PBXFileReference; includeInIndex = 1; lastKnownFileType = text.xcconfig; name = "Pods-MarketAPP.debug.xcconfig"; path = "Pods/Target Support Files/Pods-MarketAPP/Pods-MarketAPP.debug.xcconfig"; sourceTree = "<group>"; };
		9893E524E5965F4CCB42CDE6 /* Pods_MarketAPPUITests.framework */ = {isa = PBXFileReference; explicitFileType = wrapper.framework; includeInIndex = 0; path = Pods_MarketAPPUITests.framework; sourceTree = BUILT_PRODUCTS_DIR; };
		9930EB4D1952E7F09C5C9DA0 /* Pods_MarketAPP.framework */ = {isa = PBXFileReference; explicitFileType = wrapper.framework; includeInIndex = 0; path = Pods_MarketAPP.framework; sourceTree = BUILT_PRODUCTS_DIR; };
		B81F3A30FD90E87B6C795C18 /* Pods-MarketAPPUITests.debug.xcconfig */ = {isa = PBXFileReference; includeInIndex = 1; lastKnownFileType = text.xcconfig; name = "Pods-MarketAPPUITests.debug.xcconfig"; path = "Pods/Target Support Files/Pods-MarketAPPUITests/Pods-MarketAPPUITests.debug.xcconfig"; sourceTree = "<group>"; };
		DDD1C4458BD934FFEBF2F282 /* Pods-MarketAPPTests.release.xcconfig */ = {isa = PBXFileReference; includeInIndex = 1; lastKnownFileType = text.xcconfig; name = "Pods-MarketAPPTests.release.xcconfig"; path = "Pods/Target Support Files/Pods-MarketAPPTests/Pods-MarketAPPTests.release.xcconfig"; sourceTree = "<group>"; };
/* End PBXFileReference section */

/* Begin PBXFrameworksBuildPhase section */
		6E85FADA1F8A6ED100B03AE1 /* Frameworks */ = {
			isa = PBXFrameworksBuildPhase;
			buildActionMask = 2147483647;
			files = (
				6AD8FC8B7CF4B91110FFDF1F /* Pods_MarketAPP.framework in Frameworks */,
			);
			runOnlyForDeploymentPostprocessing = 0;
		};
		6E85FAF11F8A6ED200B03AE1 /* Frameworks */ = {
			isa = PBXFrameworksBuildPhase;
			buildActionMask = 2147483647;
			files = (
				6E830C44195F8DBC08FB26F0 /* Pods_MarketAPPTests.framework in Frameworks */,
			);
			runOnlyForDeploymentPostprocessing = 0;
		};
		6E85FAFC1F8A6ED200B03AE1 /* Frameworks */ = {
			isa = PBXFrameworksBuildPhase;
			buildActionMask = 2147483647;
			files = (
				F4FB0D6DB375B4170A7482ED /* Pods_MarketAPPUITests.framework in Frameworks */,
			);
			runOnlyForDeploymentPostprocessing = 0;
		};
/* End PBXFrameworksBuildPhase section */

/* Begin PBXGroup section */
		1CA47F090E604D3200818241 /* Pods */ = {
			isa = PBXGroup;
			children = (
				98750226B7ACFB3B78B12A62 /* Pods-MarketAPP.debug.xcconfig */,
				75782518CFB62016AF5EEEE1 /* Pods-MarketAPP.release.xcconfig */,
				766B493A601C92E1EC19FE50 /* Pods-MarketAPPTests.debug.xcconfig */,
				DDD1C4458BD934FFEBF2F282 /* Pods-MarketAPPTests.release.xcconfig */,
				B81F3A30FD90E87B6C795C18 /* Pods-MarketAPPUITests.debug.xcconfig */,
				7F9614EB640BF669A945B3C2 /* Pods-MarketAPPUITests.release.xcconfig */,
			);
			name = Pods;
			sourceTree = "<group>";
		};
		6E85FAD41F8A6ED100B03AE1 = {
			isa = PBXGroup;
			children = (
				6E85FADF1F8A6ED100B03AE1 /* MarketAPP */,
				6E85FAF71F8A6ED200B03AE1 /* MarketAPPTests */,
				6E85FB021F8A6ED200B03AE1 /* MarketAPPUITests */,
				6E85FADE1F8A6ED100B03AE1 /* Products */,
				1CA47F090E604D3200818241 /* Pods */,
				9CE8258C670C96CF786834F5 /* Frameworks */,
			);
			sourceTree = "<group>";
		};
		6E85FADE1F8A6ED100B03AE1 /* Products */ = {
			isa = PBXGroup;
			children = (
				6E85FADD1F8A6ED100B03AE1 /* MarketAPP.app */,
				6E85FAF41F8A6ED200B03AE1 /* MarketAPPTests.xctest */,
				6E85FAFF1F8A6ED200B03AE1 /* MarketAPPUITests.xctest */,
			);
			name = Products;
			sourceTree = "<group>";
		};
		6E85FADF1F8A6ED100B03AE1 /* MarketAPP */ = {
			isa = PBXGroup;
			children = (
				6E85FB171F8A71A800B03AE1 /* Rescources */,
				6E85FB161F8A717600B03AE1 /* Views */,
				6E85FB151F8A712F00B03AE1 /* Services */,
				6E85FB141F8A70BE00B03AE1 /* Models */,
				6E85FB131F8A70A800B03AE1 /* Supporting */,
				6E85FB121F8A706500B03AE1 /* Controllers */,
				6E85FB111F8A705900B03AE1 /* Storyboards */,
			);
			path = MarketAPP;
			sourceTree = "<group>";
		};
		6E85FAF71F8A6ED200B03AE1 /* MarketAPPTests */ = {
			isa = PBXGroup;
			children = (
				6E85FAF81F8A6ED200B03AE1 /* MarketAPPTests.swift */,
				6E85FAFA1F8A6ED200B03AE1 /* Info.plist */,
			);
			path = MarketAPPTests;
			sourceTree = "<group>";
		};
		6E85FB021F8A6ED200B03AE1 /* MarketAPPUITests */ = {
			isa = PBXGroup;
			children = (
				6E85FB031F8A6ED200B03AE1 /* MarketAPPUITests.swift */,
				6E85FB051F8A6ED200B03AE1 /* Info.plist */,
			);
			path = MarketAPPUITests;
			sourceTree = "<group>";
		};
		6E85FB111F8A705900B03AE1 /* Storyboards */ = {
			isa = PBXGroup;
			children = (
				6E85FB221F8A730900B03AE1 /* LaunchScreen.storyboard */,
				6E85FB241F8A730900B03AE1 /* Main.storyboard */,
				6EFE20B11F8B1425002FCC6D /* Home.storyboard */,
			);
			name = Storyboards;
			sourceTree = "<group>";
		};
		6E85FB121F8A706500B03AE1 /* Controllers */ = {
			isa = PBXGroup;
			children = (
				6EFE20B91F8C3865002FCC6D /* Main */,
				6E85FB291F8A73F400B03AE1 /* Logins */,
			);
			name = Controllers;
			sourceTree = "<group>";
		};
		6E85FB131F8A70A800B03AE1 /* Supporting */ = {
			isa = PBXGroup;
			children = (
				6EFE20AB1F8B06BE002FCC6D /* GoogleService-Info.plist */,
				6E85FB5F1F8A95A300B03AE1 /* MarketAPP-Bridging-Header.h */,
				6E85FB1B1F8A72ED00B03AE1 /* AppDelegate.swift */,
				6E85FB1C1F8A72ED00B03AE1 /* Info.plist */,
				6E85FB1D1F8A72ED00B03AE1 /* MarketAPP.xcdatamodeld */,
				6E85FB621F8AB43000B03AE1 /* Variables.swift */,
			);
			name = Supporting;
			sourceTree = "<group>";
		};
		6E85FB141F8A70BE00B03AE1 /* Models */ = {
			isa = PBXGroup;
			children = (
				6ECD01C11F929BB200D63577 /* Stock.swift */,
			);
			name = Models;
			sourceTree = "<group>";
		};
		6E85FB151F8A712F00B03AE1 /* Services */ = {
			isa = PBXGroup;
			children = (
				6EFE20AF1F8B11BB002FCC6D /* LoginService.swift */,
				6EFE20B51F8B1CC3002FCC6D /* SignupService.swift */,
				6EFE20B71F8B1D37002FCC6D /* FunctionService.swift */,
			);
			name = Services;
			sourceTree = "<group>";
		};
		6E85FB161F8A717600B03AE1 /* Views */ = {
			isa = PBXGroup;
			children = (
				6E85FB6D1F8ADD8200B03AE1 /* GraphFeatureDisplayView.swift */,
				6EFD9EF11F940CCD0032FDBD /* StockAnalyticsGraphView.swift */,
				6ECD01BF1F929A5400D63577 /* MyStocksCell.swift */,
			);
			name = Views;
			sourceTree = "<group>";
		};
		6E85FB171F8A71A800B03AE1 /* Rescources */ = {
			isa = PBXGroup;
			children = (
				6E85FB431F8A76BE00B03AE1 /* Fonts */,
				6E85FB181F8A72D500B03AE1 /* Assets.xcassets */,
			);
			name = Rescources;
			sourceTree = "<group>";
		};
		6E85FB291F8A73F400B03AE1 /* Logins */ = {
			isa = PBXGroup;
			children = (
				6E85FB641F8ACA4400B03AE1 /* Features */,
				6E85FB5A1F8A912C00B03AE1 /* FeatureListPageController.swift */,
				6E85FB601F8AA19400B03AE1 /* LandingController.swift */,
				6EFE20AD1F8B1102002FCC6D /* LoginController.swift */,
				6EFE20B31F8B1BE5002FCC6D /* SignUpController.swift */,
			);
			name = Logins;
			sourceTree = "<group>";
		};
		6E85FB431F8A76BE00B03AE1 /* Fonts */ = {
			isa = PBXGroup;
			children = (
				6E85FB441F8A76D100B03AE1 /* Roboto-Black.ttf */,
				6E85FB451F8A76D100B03AE1 /* Roboto-BlackItalic.ttf */,
				6E85FB461F8A76D100B03AE1 /* Roboto-Bold.ttf */,
				6E85FB471F8A76D100B03AE1 /* Roboto-BoldItalic.ttf */,
				6E85FB481F8A76D100B03AE1 /* Roboto-Italic.ttf */,
				6E85FB491F8A76D100B03AE1 /* Roboto-Light.ttf */,
				6E85FB4A1F8A76D100B03AE1 /* Roboto-LightItalic.ttf */,
				6E85FB4B1F8A76D100B03AE1 /* Roboto-Medium.ttf */,
				6E85FB4C1F8A76D100B03AE1 /* Roboto-MediumItalic.ttf */,
				6E85FB4D1F8A76D100B03AE1 /* Roboto-Regular.ttf */,
				6E85FB4E1F8A76D100B03AE1 /* Roboto-Thin.ttf */,
			);
			name = Fonts;
			sourceTree = "<group>";
		};
		6E85FB641F8ACA4400B03AE1 /* Features */ = {
			isa = PBXGroup;
			children = (
				6E85FB651F8ACA7000B03AE1 /* FirstFeatureController.swift */,
				6E85FB671F8ACAEE00B03AE1 /* SecondFeatureController.swift */,
				6E85FB691F8ACAFB00B03AE1 /* ThirdFeatureController.swift */,
			);
			name = Features;
			sourceTree = "<group>";
		};
		6EFE20B91F8C3865002FCC6D /* Main */ = {
			isa = PBXGroup;
			children = (
				6EFE20BA1F8C388C002FCC6D /* MyStocksController.swift */,
				6EBC3FE31F92A429006F3DF1 /* StockAnalyticsController.swift */,
			);
			name = Main;
			sourceTree = "<group>";
		};
		9CE8258C670C96CF786834F5 /* Frameworks */ = {
			isa = PBXGroup;
			children = (
				9930EB4D1952E7F09C5C9DA0 /* Pods_MarketAPP.framework */,
				126E5F07E8014BDBDBA9979A /* Pods_MarketAPPTests.framework */,
				9893E524E5965F4CCB42CDE6 /* Pods_MarketAPPUITests.framework */,
			);
			name = Frameworks;
			sourceTree = "<group>";
		};
/* End PBXGroup section */

/* Begin PBXNativeTarget section */
		6E85FADC1F8A6ED100B03AE1 /* MarketAPP */ = {
			isa = PBXNativeTarget;
			buildConfigurationList = 6E85FB081F8A6ED200B03AE1 /* Build configuration list for PBXNativeTarget "MarketAPP" */;
			buildPhases = (
				EDE62F33DD5EDE6377CF05EA /* [CP] Check Pods Manifest.lock */,
				6E85FAD91F8A6ED100B03AE1 /* Sources */,
				6E85FADA1F8A6ED100B03AE1 /* Frameworks */,
				6E85FADB1F8A6ED100B03AE1 /* Resources */,
				1874BFF1828F2DDADF0D4E3C /* [CP] Embed Pods Frameworks */,
				4F40573A76FF524D519FB749 /* [CP] Copy Pods Resources */,
			);
			buildRules = (
			);
			dependencies = (
			);
			name = MarketAPP;
			productName = MarketAPP;
			productReference = 6E85FADD1F8A6ED100B03AE1 /* MarketAPP.app */;
			productType = "com.apple.product-type.application";
		};
		6E85FAF31F8A6ED200B03AE1 /* MarketAPPTests */ = {
			isa = PBXNativeTarget;
			buildConfigurationList = 6E85FB0B1F8A6ED200B03AE1 /* Build configuration list for PBXNativeTarget "MarketAPPTests" */;
			buildPhases = (
				ED7FC49767CF1D25BB0FD046 /* [CP] Check Pods Manifest.lock */,
				6E85FAF01F8A6ED200B03AE1 /* Sources */,
				6E85FAF11F8A6ED200B03AE1 /* Frameworks */,
				6E85FAF21F8A6ED200B03AE1 /* Resources */,
				5701342565012D1EB88CA00B /* [CP] Embed Pods Frameworks */,
				7B5B05FDD37B807615566A46 /* [CP] Copy Pods Resources */,
			);
			buildRules = (
			);
			dependencies = (
				6E85FAF61F8A6ED200B03AE1 /* PBXTargetDependency */,
			);
			name = MarketAPPTests;
			productName = MarketAPPTests;
			productReference = 6E85FAF41F8A6ED200B03AE1 /* MarketAPPTests.xctest */;
			productType = "com.apple.product-type.bundle.unit-test";
		};
		6E85FAFE1F8A6ED200B03AE1 /* MarketAPPUITests */ = {
			isa = PBXNativeTarget;
			buildConfigurationList = 6E85FB0E1F8A6ED200B03AE1 /* Build configuration list for PBXNativeTarget "MarketAPPUITests" */;
			buildPhases = (
				FC9DE1FB5E26EDFD9BE3DE2E /* [CP] Check Pods Manifest.lock */,
				6E85FAFB1F8A6ED200B03AE1 /* Sources */,
				6E85FAFC1F8A6ED200B03AE1 /* Frameworks */,
				6E85FAFD1F8A6ED200B03AE1 /* Resources */,
				B86DCCECBE3FB86C70FBCFEC /* [CP] Embed Pods Frameworks */,
				97321D888BA80101A58F095D /* [CP] Copy Pods Resources */,
			);
			buildRules = (
			);
			dependencies = (
				6E85FB011F8A6ED200B03AE1 /* PBXTargetDependency */,
			);
			name = MarketAPPUITests;
			productName = MarketAPPUITests;
			productReference = 6E85FAFF1F8A6ED200B03AE1 /* MarketAPPUITests.xctest */;
			productType = "com.apple.product-type.bundle.ui-testing";
		};
/* End PBXNativeTarget section */

/* Begin PBXProject section */
		6E85FAD51F8A6ED100B03AE1 /* Project object */ = {
			isa = PBXProject;
			attributes = {
				LastSwiftUpdateCheck = 0830;
				LastUpgradeCheck = 0830;
				ORGANIZATIONNAME = "Will Cohen";
				TargetAttributes = {
					6E85FADC1F8A6ED100B03AE1 = {
						CreatedOnToolsVersion = 8.3.3;
						DevelopmentTeam = 2X5M32A4UP;
						LastSwiftMigration = 0830;
						ProvisioningStyle = Automatic;
					};
					6E85FAF31F8A6ED200B03AE1 = {
						CreatedOnToolsVersion = 8.3.3;
						DevelopmentTeam = 2X5M32A4UP;
						ProvisioningStyle = Automatic;
						TestTargetID = 6E85FADC1F8A6ED100B03AE1;
					};
					6E85FAFE1F8A6ED200B03AE1 = {
						CreatedOnToolsVersion = 8.3.3;
						DevelopmentTeam = 2X5M32A4UP;
						ProvisioningStyle = Automatic;
						TestTargetID = 6E85FADC1F8A6ED100B03AE1;
					};
				};
			};
			buildConfigurationList = 6E85FAD81F8A6ED100B03AE1 /* Build configuration list for PBXProject "MarketAPP" */;
			compatibilityVersion = "Xcode 3.2";
			developmentRegion = English;
			hasScannedForEncodings = 0;
			knownRegions = (
				en,
				Base,
			);
			mainGroup = 6E85FAD41F8A6ED100B03AE1;
			productRefGroup = 6E85FADE1F8A6ED100B03AE1 /* Products */;
			projectDirPath = "";
			projectRoot = "";
			targets = (
				6E85FADC1F8A6ED100B03AE1 /* MarketAPP */,
				6E85FAF31F8A6ED200B03AE1 /* MarketAPPTests */,
				6E85FAFE1F8A6ED200B03AE1 /* MarketAPPUITests */,
			);
		};
/* End PBXProject section */

/* Begin PBXResourcesBuildPhase section */
		6E85FADB1F8A6ED100B03AE1 /* Resources */ = {
			isa = PBXResourcesBuildPhase;
			buildActionMask = 2147483647;
			files = (
				6E85FB511F8A76D100B03AE1 /* Roboto-Bold.ttf in Resources */,
				6E85FB551F8A76D100B03AE1 /* Roboto-LightItalic.ttf in Resources */,
				6E85FB571F8A76D100B03AE1 /* Roboto-MediumItalic.ttf in Resources */,
				6E85FB531F8A76D100B03AE1 /* Roboto-Italic.ttf in Resources */,
				6EFE20B21F8B1425002FCC6D /* Home.storyboard in Resources */,
				6E85FB541F8A76D100B03AE1 /* Roboto-Light.ttf in Resources */,
				6E85FB261F8A730900B03AE1 /* LaunchScreen.storyboard in Resources */,
				6E85FB521F8A76D100B03AE1 /* Roboto-BoldItalic.ttf in Resources */,
				6E85FB501F8A76D100B03AE1 /* Roboto-BlackItalic.ttf in Resources */,
				6E85FB591F8A76D100B03AE1 /* Roboto-Thin.ttf in Resources */,
				6EFE20AC1F8B06BE002FCC6D /* GoogleService-Info.plist in Resources */,
				6E85FB581F8A76D100B03AE1 /* Roboto-Regular.ttf in Resources */,
				6E85FB201F8A72ED00B03AE1 /* Info.plist in Resources */,
				6E85FB561F8A76D100B03AE1 /* Roboto-Medium.ttf in Resources */,
				6E85FB4F1F8A76D100B03AE1 /* Roboto-Black.ttf in Resources */,
				6E85FB191F8A72D500B03AE1 /* Assets.xcassets in Resources */,
				6E85FB271F8A730900B03AE1 /* Main.storyboard in Resources */,
			);
			runOnlyForDeploymentPostprocessing = 0;
		};
		6E85FAF21F8A6ED200B03AE1 /* Resources */ = {
			isa = PBXResourcesBuildPhase;
			buildActionMask = 2147483647;
			files = (
			);
			runOnlyForDeploymentPostprocessing = 0;
		};
		6E85FAFD1F8A6ED200B03AE1 /* Resources */ = {
			isa = PBXResourcesBuildPhase;
			buildActionMask = 2147483647;
			files = (
			);
			runOnlyForDeploymentPostprocessing = 0;
		};
/* End PBXResourcesBuildPhase section */

/* Begin PBXShellScriptBuildPhase section */
		1874BFF1828F2DDADF0D4E3C /* [CP] Embed Pods Frameworks */ = {
			isa = PBXShellScriptBuildPhase;
			buildActionMask = 2147483647;
			files = (
			);
			inputPaths = (
			);
			name = "[CP] Embed Pods Frameworks";
			outputPaths = (
			);
			runOnlyForDeploymentPostprocessing = 0;
			shellPath = /bin/sh;
			shellScript = "\"${SRCROOT}/Pods/Target Support Files/Pods-MarketAPP/Pods-MarketAPP-frameworks.sh\"\n";
			showEnvVarsInLog = 0;
		};
		4F40573A76FF524D519FB749 /* [CP] Copy Pods Resources */ = {
			isa = PBXShellScriptBuildPhase;
			buildActionMask = 2147483647;
			files = (
			);
			inputPaths = (
			);
			name = "[CP] Copy Pods Resources";
			outputPaths = (
			);
			runOnlyForDeploymentPostprocessing = 0;
			shellPath = /bin/sh;
			shellScript = "\"${SRCROOT}/Pods/Target Support Files/Pods-MarketAPP/Pods-MarketAPP-resources.sh\"\n";
			showEnvVarsInLog = 0;
		};
		5701342565012D1EB88CA00B /* [CP] Embed Pods Frameworks */ = {
			isa = PBXShellScriptBuildPhase;
			buildActionMask = 2147483647;
			files = (
			);
			inputPaths = (
			);
			name = "[CP] Embed Pods Frameworks";
			outputPaths = (
			);
			runOnlyForDeploymentPostprocessing = 0;
			shellPath = /bin/sh;
			shellScript = "\"${SRCROOT}/Pods/Target Support Files/Pods-MarketAPPTests/Pods-MarketAPPTests-frameworks.sh\"\n";
			showEnvVarsInLog = 0;
		};
		7B5B05FDD37B807615566A46 /* [CP] Copy Pods Resources */ = {
			isa = PBXShellScriptBuildPhase;
			buildActionMask = 2147483647;
			files = (
			);
			inputPaths = (
			);
			name = "[CP] Copy Pods Resources";
			outputPaths = (
			);
			runOnlyForDeploymentPostprocessing = 0;
			shellPath = /bin/sh;
			shellScript = "\"${SRCROOT}/Pods/Target Support Files/Pods-MarketAPPTests/Pods-MarketAPPTests-resources.sh\"\n";
			showEnvVarsInLog = 0;
		};
		97321D888BA80101A58F095D /* [CP] Copy Pods Resources */ = {
			isa = PBXShellScriptBuildPhase;
			buildActionMask = 2147483647;
			files = (
			);
			inputPaths = (
			);
			name = "[CP] Copy Pods Resources";
			outputPaths = (
			);
			runOnlyForDeploymentPostprocessing = 0;
			shellPath = /bin/sh;
			shellScript = "\"${SRCROOT}/Pods/Target Support Files/Pods-MarketAPPUITests/Pods-MarketAPPUITests-resources.sh\"\n";
			showEnvVarsInLog = 0;
		};
		B86DCCECBE3FB86C70FBCFEC /* [CP] Embed Pods Frameworks */ = {
			isa = PBXShellScriptBuildPhase;
			buildActionMask = 2147483647;
			files = (
			);
			inputPaths = (
			);
			name = "[CP] Embed Pods Frameworks";
			outputPaths = (
			);
			runOnlyForDeploymentPostprocessing = 0;
			shellPath = /bin/sh;
			shellScript = "\"${SRCROOT}/Pods/Target Support Files/Pods-MarketAPPUITests/Pods-MarketAPPUITests-frameworks.sh\"\n";
			showEnvVarsInLog = 0;
		};
		ED7FC49767CF1D25BB0FD046 /* [CP] Check Pods Manifest.lock */ = {
			isa = PBXShellScriptBuildPhase;
			buildActionMask = 2147483647;
			files = (
			);
			inputPaths = (
			);
			name = "[CP] Check Pods Manifest.lock";
			outputPaths = (
			);
			runOnlyForDeploymentPostprocessing = 0;
			shellPath = /bin/sh;
			shellScript = "diff \"${PODS_PODFILE_DIR_PATH}/Podfile.lock\" \"${PODS_ROOT}/Manifest.lock\" > /dev/null\nif [ $? != 0 ] ; then\n    # print error to STDERR\n    echo \"error: The sandbox is not in sync with the Podfile.lock. Run 'pod install' or update your CocoaPods installation.\" >&2\n    exit 1\nfi\n";
			showEnvVarsInLog = 0;
		};
		EDE62F33DD5EDE6377CF05EA /* [CP] Check Pods Manifest.lock */ = {
			isa = PBXShellScriptBuildPhase;
			buildActionMask = 2147483647;
			files = (
			);
			inputPaths = (
			);
			name = "[CP] Check Pods Manifest.lock";
			outputPaths = (
			);
			runOnlyForDeploymentPostprocessing = 0;
			shellPath = /bin/sh;
			shellScript = "diff \"${PODS_PODFILE_DIR_PATH}/Podfile.lock\" \"${PODS_ROOT}/Manifest.lock\" > /dev/null\nif [ $? != 0 ] ; then\n    # print error to STDERR\n    echo \"error: The sandbox is not in sync with the Podfile.lock. Run 'pod install' or update your CocoaPods installation.\" >&2\n    exit 1\nfi\n";
			showEnvVarsInLog = 0;
		};
		FC9DE1FB5E26EDFD9BE3DE2E /* [CP] Check Pods Manifest.lock */ = {
			isa = PBXShellScriptBuildPhase;
			buildActionMask = 2147483647;
			files = (
			);
			inputPaths = (
			);
			name = "[CP] Check Pods Manifest.lock";
			outputPaths = (
			);
			runOnlyForDeploymentPostprocessing = 0;
			shellPath = /bin/sh;
			shellScript = "diff \"${PODS_PODFILE_DIR_PATH}/Podfile.lock\" \"${PODS_ROOT}/Manifest.lock\" > /dev/null\nif [ $? != 0 ] ; then\n    # print error to STDERR\n    echo \"error: The sandbox is not in sync with the Podfile.lock. Run 'pod install' or update your CocoaPods installation.\" >&2\n    exit 1\nfi\n";
			showEnvVarsInLog = 0;
		};
/* End PBXShellScriptBuildPhase section */

/* Begin PBXSourcesBuildPhase section */
		6E85FAD91F8A6ED100B03AE1 /* Sources */ = {
			isa = PBXSourcesBuildPhase;
			buildActionMask = 2147483647;
			files = (
				6EFE20BB1F8C388C002FCC6D /* MyStocksController.swift in Sources */,
				6ECD01C21F929BB200D63577 /* Stock.swift in Sources */,
				6E85FB1F1F8A72ED00B03AE1 /* AppDelegate.swift in Sources */,
				6E85FB5B1F8A912C00B03AE1 /* FeatureListPageController.swift in Sources */,
				6EFD9EF21F940CCD0032FDBD /* StockAnalyticsGraphView.swift in Sources */,
				6E85FB6A1F8ACAFB00B03AE1 /* ThirdFeatureController.swift in Sources */,
				6E85FB211F8A72ED00B03AE1 /* MarketAPP.xcdatamodeld in Sources */,
				6E85FB661F8ACA7000B03AE1 /* FirstFeatureController.swift in Sources */,
				6EFE20B81F8B1D37002FCC6D /* FunctionService.swift in Sources */,
				6E85FB611F8AA19400B03AE1 /* LandingController.swift in Sources */,
				6EFE20B01F8B11BB002FCC6D /* LoginService.swift in Sources */,
				6EFE20B61F8B1CC3002FCC6D /* SignupService.swift in Sources */,
				6ECD01C01F929A5400D63577 /* MyStocksCell.swift in Sources */,
				6E85FB631F8AB43000B03AE1 /* Variables.swift in Sources */,
				6EBC3FE41F92A429006F3DF1 /* StockAnalyticsController.swift in Sources */,
				6E85FB681F8ACAEE00B03AE1 /* SecondFeatureController.swift in Sources */,
				6E85FB6E1F8ADD8200B03AE1 /* GraphFeatureDisplayView.swift in Sources */,
				6EFE20AE1F8B1102002FCC6D /* LoginController.swift in Sources */,
				6EFE20B41F8B1BE5002FCC6D /* SignUpController.swift in Sources */,
			);
			runOnlyForDeploymentPostprocessing = 0;
		};
		6E85FAF01F8A6ED200B03AE1 /* Sources */ = {
			isa = PBXSourcesBuildPhase;
			buildActionMask = 2147483647;
			files = (
				6E85FAF91F8A6ED200B03AE1 /* MarketAPPTests.swift in Sources */,
			);
			runOnlyForDeploymentPostprocessing = 0;
		};
		6E85FAFB1F8A6ED200B03AE1 /* Sources */ = {
			isa = PBXSourcesBuildPhase;
			buildActionMask = 2147483647;
			files = (
				6E85FB041F8A6ED200B03AE1 /* MarketAPPUITests.swift in Sources */,
			);
			runOnlyForDeploymentPostprocessing = 0;
		};
/* End PBXSourcesBuildPhase section */

/* Begin PBXTargetDependency section */
		6E85FAF61F8A6ED200B03AE1 /* PBXTargetDependency */ = {
			isa = PBXTargetDependency;
			target = 6E85FADC1F8A6ED100B03AE1 /* MarketAPP */;
			targetProxy = 6E85FAF51F8A6ED200B03AE1 /* PBXContainerItemProxy */;
		};
		6E85FB011F8A6ED200B03AE1 /* PBXTargetDependency */ = {
			isa = PBXTargetDependency;
			target = 6E85FADC1F8A6ED100B03AE1 /* MarketAPP */;
			targetProxy = 6E85FB001F8A6ED200B03AE1 /* PBXContainerItemProxy */;
		};
/* End PBXTargetDependency section */

/* Begin PBXVariantGroup section */
		6E85FB221F8A730900B03AE1 /* LaunchScreen.storyboard */ = {
			isa = PBXVariantGroup;
			children = (
				6E85FB231F8A730900B03AE1 /* Base */,
			);
			name = LaunchScreen.storyboard;
			sourceTree = "<group>";
		};
		6E85FB241F8A730900B03AE1 /* Main.storyboard */ = {
			isa = PBXVariantGroup;
			children = (
				6E85FB251F8A730900B03AE1 /* Base */,
			);
			name = Main.storyboard;
			sourceTree = "<group>";
		};
/* End PBXVariantGroup section */

/* Begin XCBuildConfiguration section */
		6E85FB061F8A6ED200B03AE1 /* Debug */ = {
			isa = XCBuildConfiguration;
			buildSettings = {
				ALWAYS_SEARCH_USER_PATHS = NO;
				CLANG_ANALYZER_NONNULL = YES;
				CLANG_ANALYZER_NUMBER_OBJECT_CONVERSION = YES_AGGRESSIVE;
				CLANG_CXX_LANGUAGE_STANDARD = "gnu++0x";
				CLANG_CXX_LIBRARY = "libc++";
				CLANG_ENABLE_MODULES = YES;
				CLANG_ENABLE_OBJC_ARC = YES;
				CLANG_WARN_BOOL_CONVERSION = YES;
				CLANG_WARN_CONSTANT_CONVERSION = YES;
				CLANG_WARN_DIRECT_OBJC_ISA_USAGE = YES_ERROR;
				CLANG_WARN_DOCUMENTATION_COMMENTS = YES;
				CLANG_WARN_EMPTY_BODY = YES;
				CLANG_WARN_ENUM_CONVERSION = YES;
				CLANG_WARN_INFINITE_RECURSION = YES;
				CLANG_WARN_INT_CONVERSION = YES;
				CLANG_WARN_OBJC_ROOT_CLASS = YES_ERROR;
				CLANG_WARN_SUSPICIOUS_MOVE = YES;
				CLANG_WARN_UNREACHABLE_CODE = YES;
				CLANG_WARN__DUPLICATE_METHOD_MATCH = YES;
				"CODE_SIGN_IDENTITY[sdk=iphoneos*]" = "iPhone Developer";
				COPY_PHASE_STRIP = NO;
				DEBUG_INFORMATION_FORMAT = dwarf;
				ENABLE_STRICT_OBJC_MSGSEND = YES;
				ENABLE_TESTABILITY = YES;
				GCC_C_LANGUAGE_STANDARD = gnu99;
				GCC_DYNAMIC_NO_PIC = NO;
				GCC_NO_COMMON_BLOCKS = YES;
				GCC_OPTIMIZATION_LEVEL = 0;
				GCC_PREPROCESSOR_DEFINITIONS = (
					"DEBUG=1",
					"$(inherited)",
				);
				GCC_WARN_64_TO_32_BIT_CONVERSION = YES;
				GCC_WARN_ABOUT_RETURN_TYPE = YES_ERROR;
				GCC_WARN_UNDECLARED_SELECTOR = YES;
				GCC_WARN_UNINITIALIZED_AUTOS = YES_AGGRESSIVE;
				GCC_WARN_UNUSED_FUNCTION = YES;
				GCC_WARN_UNUSED_VARIABLE = YES;
				IPHONEOS_DEPLOYMENT_TARGET = 10.3;
				MTL_ENABLE_DEBUG_INFO = YES;
				ONLY_ACTIVE_ARCH = YES;
				SDKROOT = iphoneos;
				SWIFT_ACTIVE_COMPILATION_CONDITIONS = DEBUG;
				SWIFT_OPTIMIZATION_LEVEL = "-Onone";
				TARGETED_DEVICE_FAMILY = 2;
			};
			name = Debug;
		};
		6E85FB071F8A6ED200B03AE1 /* Release */ = {
			isa = XCBuildConfiguration;
			buildSettings = {
				ALWAYS_SEARCH_USER_PATHS = NO;
				CLANG_ANALYZER_NONNULL = YES;
				CLANG_ANALYZER_NUMBER_OBJECT_CONVERSION = YES_AGGRESSIVE;
				CLANG_CXX_LANGUAGE_STANDARD = "gnu++0x";
				CLANG_CXX_LIBRARY = "libc++";
				CLANG_ENABLE_MODULES = YES;
				CLANG_ENABLE_OBJC_ARC = YES;
				CLANG_WARN_BOOL_CONVERSION = YES;
				CLANG_WARN_CONSTANT_CONVERSION = YES;
				CLANG_WARN_DIRECT_OBJC_ISA_USAGE = YES_ERROR;
				CLANG_WARN_DOCUMENTATION_COMMENTS = YES;
				CLANG_WARN_EMPTY_BODY = YES;
				CLANG_WARN_ENUM_CONVERSION = YES;
				CLANG_WARN_INFINITE_RECURSION = YES;
				CLANG_WARN_INT_CONVERSION = YES;
				CLANG_WARN_OBJC_ROOT_CLASS = YES_ERROR;
				CLANG_WARN_SUSPICIOUS_MOVE = YES;
				CLANG_WARN_UNREACHABLE_CODE = YES;
				CLANG_WARN__DUPLICATE_METHOD_MATCH = YES;
				"CODE_SIGN_IDENTITY[sdk=iphoneos*]" = "iPhone Developer";
				COPY_PHASE_STRIP = NO;
				DEBUG_INFORMATION_FORMAT = "dwarf-with-dsym";
				ENABLE_NS_ASSERTIONS = NO;
				ENABLE_STRICT_OBJC_MSGSEND = YES;
				GCC_C_LANGUAGE_STANDARD = gnu99;
				GCC_NO_COMMON_BLOCKS = YES;
				GCC_WARN_64_TO_32_BIT_CONVERSION = YES;
				GCC_WARN_ABOUT_RETURN_TYPE = YES_ERROR;
				GCC_WARN_UNDECLARED_SELECTOR = YES;
				GCC_WARN_UNINITIALIZED_AUTOS = YES_AGGRESSIVE;
				GCC_WARN_UNUSED_FUNCTION = YES;
				GCC_WARN_UNUSED_VARIABLE = YES;
				IPHONEOS_DEPLOYMENT_TARGET = 10.3;
				MTL_ENABLE_DEBUG_INFO = NO;
				SDKROOT = iphoneos;
				SWIFT_OPTIMIZATION_LEVEL = "-Owholemodule";
				TARGETED_DEVICE_FAMILY = 2;
				VALIDATE_PRODUCT = YES;
			};
			name = Release;
		};
		6E85FB091F8A6ED200B03AE1 /* Debug */ = {
			isa = XCBuildConfiguration;
			baseConfigurationReference = 98750226B7ACFB3B78B12A62 /* Pods-MarketAPP.debug.xcconfig */;
			buildSettings = {
				ASSETCATALOG_COMPILER_APPICON_NAME = AppIcon;
				CLANG_ENABLE_MODULES = YES;
				DEVELOPMENT_TEAM = 2X5M32A4UP;
				INFOPLIST_FILE = "$(SRCROOT)/MarketAPP/Supporting/Info.plist";
				LD_RUNPATH_SEARCH_PATHS = "$(inherited) @executable_path/Frameworks";
				PRODUCT_BUNDLE_IDENTIFIER = com.willcohen.MarketAPP;
				PRODUCT_NAME = "$(TARGET_NAME)";
				SWIFT_OBJC_BRIDGING_HEADER = "MarketAPP-Bridging-Header.h";
				SWIFT_OPTIMIZATION_LEVEL = "-Onone";
				SWIFT_VERSION = 3.0;
				TARGETED_DEVICE_FAMILY = "1,2";
			};
			name = Debug;
		};
		6E85FB0A1F8A6ED200B03AE1 /* Release */ = {
			isa = XCBuildConfiguration;
			baseConfigurationReference = 75782518CFB62016AF5EEEE1 /* Pods-MarketAPP.release.xcconfig */;
			buildSettings = {
				ASSETCATALOG_COMPILER_APPICON_NAME = AppIcon;
				CLANG_ENABLE_MODULES = YES;
				DEVELOPMENT_TEAM = 2X5M32A4UP;
				INFOPLIST_FILE = "$(SRCROOT)/MarketAPP/Supporting/Info.plist";
				LD_RUNPATH_SEARCH_PATHS = "$(inherited) @executable_path/Frameworks";
				PRODUCT_BUNDLE_IDENTIFIER = com.willcohen.MarketAPP;
				PRODUCT_NAME = "$(TARGET_NAME)";
				SWIFT_OBJC_BRIDGING_HEADER = "MarketAPP-Bridging-Header.h";
				SWIFT_VERSION = 3.0;
				TARGETED_DEVICE_FAMILY = "1,2";
			};
			name = Release;
		};
		6E85FB0C1F8A6ED200B03AE1 /* Debug */ = {
			isa = XCBuildConfiguration;
			baseConfigurationReference = 766B493A601C92E1EC19FE50 /* Pods-MarketAPPTests.debug.xcconfig */;
			buildSettings = {
				ALWAYS_EMBED_SWIFT_STANDARD_LIBRARIES = YES;
				BUNDLE_LOADER = "$(TEST_HOST)";
				DEVELOPMENT_TEAM = 2X5M32A4UP;
				INFOPLIST_FILE = MarketAPPTests/Info.plist;
				LD_RUNPATH_SEARCH_PATHS = "$(inherited) @executable_path/Frameworks @loader_path/Frameworks";
				PRODUCT_BUNDLE_IDENTIFIER = com.willcohen.MarketAPPTests;
				PRODUCT_NAME = "$(TARGET_NAME)";
				SWIFT_VERSION = 3.0;
				TEST_HOST = "$(BUILT_PRODUCTS_DIR)/MarketAPP.app/MarketAPP";
			};
			name = Debug;
		};
		6E85FB0D1F8A6ED200B03AE1 /* Release */ = {
			isa = XCBuildConfiguration;
			baseConfigurationReference = DDD1C4458BD934FFEBF2F282 /* Pods-MarketAPPTests.release.xcconfig */;
			buildSettings = {
				ALWAYS_EMBED_SWIFT_STANDARD_LIBRARIES = YES;
				BUNDLE_LOADER = "$(TEST_HOST)";
				DEVELOPMENT_TEAM = 2X5M32A4UP;
				INFOPLIST_FILE = MarketAPPTests/Info.plist;
				LD_RUNPATH_SEARCH_PATHS = "$(inherited) @executable_path/Frameworks @loader_path/Frameworks";
				PRODUCT_BUNDLE_IDENTIFIER = com.willcohen.MarketAPPTests;
				PRODUCT_NAME = "$(TARGET_NAME)";
				SWIFT_VERSION = 3.0;
				TEST_HOST = "$(BUILT_PRODUCTS_DIR)/MarketAPP.app/MarketAPP";
			};
			name = Release;
		};
		6E85FB0F1F8A6ED200B03AE1 /* Debug */ = {
			isa = XCBuildConfiguration;
			baseConfigurationReference = B81F3A30FD90E87B6C795C18 /* Pods-MarketAPPUITests.debug.xcconfig */;
			buildSettings = {
				ALWAYS_EMBED_SWIFT_STANDARD_LIBRARIES = YES;
				DEVELOPMENT_TEAM = 2X5M32A4UP;
				INFOPLIST_FILE = MarketAPPUITests/Info.plist;
				LD_RUNPATH_SEARCH_PATHS = "$(inherited) @executable_path/Frameworks @loader_path/Frameworks";
				PRODUCT_BUNDLE_IDENTIFIER = com.willcohen.MarketAPPUITests;
				PRODUCT_NAME = "$(TARGET_NAME)";
				SWIFT_VERSION = 3.0;
				TEST_TARGET_NAME = MarketAPP;
			};
			name = Debug;
		};
		6E85FB101F8A6ED200B03AE1 /* Release */ = {
			isa = XCBuildConfiguration;
			baseConfigurationReference = 7F9614EB640BF669A945B3C2 /* Pods-MarketAPPUITests.release.xcconfig */;
			buildSettings = {
				ALWAYS_EMBED_SWIFT_STANDARD_LIBRARIES = YES;
				DEVELOPMENT_TEAM = 2X5M32A4UP;
				INFOPLIST_FILE = MarketAPPUITests/Info.plist;
				LD_RUNPATH_SEARCH_PATHS = "$(inherited) @executable_path/Frameworks @loader_path/Frameworks";
				PRODUCT_BUNDLE_IDENTIFIER = com.willcohen.MarketAPPUITests;
				PRODUCT_NAME = "$(TARGET_NAME)";
				SWIFT_VERSION = 3.0;
				TEST_TARGET_NAME = MarketAPP;
			};
			name = Release;
		};
/* End XCBuildConfiguration section */

/* Begin XCConfigurationList section */
		6E85FAD81F8A6ED100B03AE1 /* Build configuration list for PBXProject "MarketAPP" */ = {
			isa = XCConfigurationList;
			buildConfigurations = (
				6E85FB061F8A6ED200B03AE1 /* Debug */,
				6E85FB071F8A6ED200B03AE1 /* Release */,
			);
			defaultConfigurationIsVisible = 0;
			defaultConfigurationName = Release;
		};
		6E85FB081F8A6ED200B03AE1 /* Build configuration list for PBXNativeTarget "MarketAPP" */ = {
			isa = XCConfigurationList;
			buildConfigurations = (
				6E85FB091F8A6ED200B03AE1 /* Debug */,
				6E85FB0A1F8A6ED200B03AE1 /* Release */,
			);
			defaultConfigurationIsVisible = 0;
			defaultConfigurationName = Release;
		};
		6E85FB0B1F8A6ED200B03AE1 /* Build configuration list for PBXNativeTarget "MarketAPPTests" */ = {
			isa = XCConfigurationList;
			buildConfigurations = (
				6E85FB0C1F8A6ED200B03AE1 /* Debug */,
				6E85FB0D1F8A6ED200B03AE1 /* Release */,
			);
			defaultConfigurationIsVisible = 0;
			defaultConfigurationName = Release;
		};
		6E85FB0E1F8A6ED200B03AE1 /* Build configuration list for PBXNativeTarget "MarketAPPUITests" */ = {
			isa = XCConfigurationList;
			buildConfigurations = (
				6E85FB0F1F8A6ED200B03AE1 /* Debug */,
				6E85FB101F8A6ED200B03AE1 /* Release */,
			);
			defaultConfigurationIsVisible = 0;
			defaultConfigurationName = Release;
		};
/* End XCConfigurationList section */

/* Begin XCVersionGroup section */
		6E85FB1D1F8A72ED00B03AE1 /* MarketAPP.xcdatamodeld */ = {
			isa = XCVersionGroup;
			children = (
				6E85FB1E1F8A72ED00B03AE1 /* MarketAPP.xcdatamodel */,
			);
			currentVersion = 6E85FB1E1F8A72ED00B03AE1 /* MarketAPP.xcdatamodel */;
			name = MarketAPP.xcdatamodeld;
			path = Supporting/MarketAPP.xcdatamodeld;
			sourceTree = "<group>";
			versionGroupType = wrapper.xcdatamodel;
		};
/* End XCVersionGroup section */
	};
	rootObject = 6E85FAD51F8A6ED100B03AE1 /* Project object */;
}
